PODS:
  - Flutter (1.0.0)
  - geolocator_apple (1.2.0):
    - Flutter
  - Mapbox-iOS-SDK (6.4.1):
    - MapboxMobileEvents (~> 0.10.12)
  - mapbox_gl (0.0.1):
    - Flutter
    - Mapbox-iOS-SDK (~> 6.4.0)
    - MapboxAnnotationExtension (~> 0.0.1-beta.1)
  - MapboxAnnotationExtension (0.0.1-beta.2):
    - Mapbox-iOS-SDK (~> 6.0)
  - MapboxMobileEvents (0.10.14)
  - shared_preferences_foundation (0.0.1):
    - Flutter
    - FlutterMacOS
  - url_launcher_ios (0.0.1):
    - Flutter

DEPENDENCIES:
  - Flutter (from `Flutter`)
  - geolocator_apple (from `.symlinks/plugins/geolocator_apple/ios`)
  - Mapbox-iOS-SDK (~> 6.4.1)
  - mapbox_gl (from `.symlinks/plugins/mapbox_gl/ios`)
  - shared_preferences_foundation (from `.symlinks/plugins/shared_preferences_foundation/darwin`)
  - url_launcher_ios (from `.symlinks/plugins/url_launcher_ios/ios`)

SPEC REPOS:
  trunk:
    - Mapbox-iOS-SDK
    - MapboxAnnotationExtension
    - MapboxMobileEvents

EXTERNAL SOURCES:
  Flutter:
    :path: Flutter
  geolocator_apple:
    :path: ".symlinks/plugins/geolocator_apple/ios"
  mapbox_gl:
    :path: ".symlinks/plugins/mapbox_gl/ios"
  shared_preferences_foundation:
    :path: ".symlinks/plugins/shared_preferences_foundation/darwin"
  url_launcher_ios:
    :path: ".symlinks/plugins/url_launcher_ios/ios"

SPEC CHECKSUMS:
  Flutter: e0871f40cf51350855a761d2e70bf5af5b9b5de7
  geolocator_apple: 6cbaf322953988e009e5ecb481f07efece75c450
  Mapbox-iOS-SDK: f870f83cbdc7aa4a74afcee143aafb0dae390c82
  mapbox_gl: 33c5ab6306cbfa72289bb3606d2cd2e8baee9ff0
  MapboxAnnotationExtension: 4eee6c26349ef6d909f1a23a7eae2d0f7ca5fa7d
  MapboxMobileEvents: 5a172cc9bbf8ac0e45ba86095cbee685ede248cc
  shared_preferences_foundation: fcdcbc04712aee1108ac7fda236f363274528f78
  url_launcher_ios: 5334b05cef931de560670eeae103fd3e431ac3fe

PODFILE CHECKSUM: 2f969ece7aab31b179f7a0b3b1a3f10a3f8d24d8

COCOAPODS: 1.15.2
